
Microsoft Visual Studio Solution File, Format Version 12.00
# Visual Studio Version 17
VisualStudioVersion = 17.14.36221.1 d17.14
MinimumVisualStudioVersion = 10.0.40219.1
Project("{FAE04EC0-301F-11D3-BF4B-00C04F79EFBC}") = "CafeteriaSistema", "CafeteriaSistema.csproj", "{FDB0243D-2675-44A1-A843-33CE0CA0AF30}"
EndProject
Global
	GlobalSection(SolutionConfigurationPlatforms) = preSolution
		Debug|Any CPU = Debug|Any CPU
		Release|Any CPU = Release|Any CPU
	EndGlobalSection
	GlobalSection(ProjectConfigurationPlatforms) = postSolution
		{FDB0243D-2675-44A1-A843-33CE0CA0AF30}.Debug|Any CPU.ActiveCfg = Debug|Any CPU
		{FDB0243D-2675-44A1-A843-33CE0CA0AF30}.Debug|Any CPU.Build.0 = Debug|Any CPU
		{FDB0243D-2675-44A1-A843-33CE0CA0AF30}.Release|Any CPU.ActiveCfg = Release|Any CPU
		{FDB0243D-2675-44A1-A843-33CE0CA0AF30}.Release|Any CPU.Build.0 = Release|Any CPU
	EndGlobalSection
	GlobalSection(SolutionProperties) = preSolution
		HideSolutionNode = FALSE
	EndGlobalSection
	GlobalSection(ExtensibilityGlobals) = postSolution
		SolutionGuid = {03DC7E90-4259-4BF3-A405-9EC0F08AC6E2}
	EndGlobalSection
EndGlobal
